
Microsoft Visual Studio Solution File, Format Version 12.00
# Visual Studio Version 17
VisualStudioVersion = 17.0.31903.59
MinimumVisualStudioVersion = 10.0.40219.1
Project("{2150E333-8FDC-42A3-9474-1A3956D46DE8}") = "src", "src", "{827E0CD3-B72D-47B6-A68D-7590B98EB39B}"
EndProject
Project("{FAE04EC0-301F-11D3-BF4B-00C04F79EFBC}") = "AeroDebrief.Core", "src\AeroDebrief.Core\AeroDebrief.Core.csproj", "{617A2281-89B7-427A-B7EC-C89116995B56}"
EndProject
Project("{FAE04EC0-301F-11D3-BF4B-00C04F79EFBC}") = "AeroDebrief.CLI", "src\AeroDebrief.CLI\AeroDebrief.CLI.csproj", "{5C771FAB-7EF4-4723-A5BB-05FA1D625999}"
EndProject
Project("{FAE04EC0-301F-11D3-BF4B-00C04F79EFBC}") = "AeroDebrief.UI", "src\AeroDebrief.UI\AeroDebrief.UI.csproj", "{1AC3743A-740B-4F0D-A953-B16C80DD64F2}"
EndProject
Project("{FAE04EC0-301F-11D3-BF4B-00C04F79EFBC}") = "AeroDebrief.Integrations", "src\AeroDebrief.Integrations\AeroDebrief.Integrations.csproj", "{4F372647-F4C5-42DF-BE6F-F63854AB7A2A}"
EndProject
Project("{2150E333-8FDC-42A3-9474-1A3956D46DE8}") = "tests", "tests", "{0AB3BF05-4346-4AA6-1389-037BE0695223}"
EndProject
Project("{FAE04EC0-301F-11D3-BF4B-00C04F79EFBC}") = "AeroDebrief.Tests", "tests\AeroDebrief.Tests\AeroDebrief.Tests.csproj", "{A53D5807-6ED6-47BB-A575-F82978DFF97F}"
EndProject
Project("{2150E333-8FDC-42A3-9474-1A3956D46DE8}") = "External", "External", "{A288BEE0-695A-BEEA-455C-649571D89326}"
EndProject
Project("{2150E333-8FDC-42A3-9474-1A3956D46DE8}") = "SRS", "SRS", "{6BDF01F6-FB49-BDA7-B310-88FBA6F3310A}"
EndProject
Project("{FAE04EC0-301F-11D3-BF4B-00C04F79EFBC}") = "Common", "External\SRS\Common\Common.csproj", "{C530FA2B-9D50-4853-980D-5502BF493C31}"
EndProject
Project("{FAE04EC0-301F-11D3-BF4B-00C04F79EFBC}") = "SharedAudio", "External\SRS\SharedAudio\SharedAudio.csproj", "{30F29FE6-1CC9-4A20-A389-0439E6F3DE7F}"
EndProject
Project("{2150E333-8FDC-42A3-9474-1A3956D46DE8}") = "Solution Items", "Solution Items", "{8EC462FD-D22E-90A8-E5CE-7E832BA40C5D}"
	ProjectSection(SolutionItems) = preProject
		docs\Prompts\RadioPresenceNetworkView_Copilot_Prompt.txt = docs\Prompts\RadioPresenceNetworkView_Copilot_Prompt.txt
	EndProjectSection
EndProject
Global
	GlobalSection(SolutionConfigurationPlatforms) = preSolution
		Debug|Any CPU = Debug|Any CPU
		Debug|x64 = Debug|x64
		Debug|x86 = Debug|x86
		Release|Any CPU = Release|Any CPU
		Release|x64 = Release|x64
		Release|x86 = Release|x86
	EndGlobalSection
	GlobalSection(ProjectConfigurationPlatforms) = postSolution
		{617A2281-89B7-427A-B7EC-C89116995B56}.Debug|Any CPU.ActiveCfg = Debug|x64
		{617A2281-89B7-427A-B7EC-C89116995B56}.Debug|Any CPU.Build.0 = Debug|x64
		{617A2281-89B7-427A-B7EC-C89116995B56}.Debug|x64.ActiveCfg = Debug|x64
		{617A2281-89B7-427A-B7EC-C89116995B56}.Debug|x64.Build.0 = Debug|x64
		{617A2281-89B7-427A-B7EC-C89116995B56}.Debug|x86.ActiveCfg = Debug|x64
		{617A2281-89B7-427A-B7EC-C89116995B56}.Debug|x86.Build.0 = Debug|x64
		{617A2281-89B7-427A-B7EC-C89116995B56}.Release|Any CPU.ActiveCfg = Release|x64
		{617A2281-89B7-427A-B7EC-C89116995B56}.Release|Any CPU.Build.0 = Release|x64
		{617A2281-89B7-427A-B7EC-C89116995B56}.Release|x64.ActiveCfg = Release|x64
		{617A2281-89B7-427A-B7EC-C89116995B56}.Release|x64.Build.0 = Release|x64
		{617A2281-89B7-427A-B7EC-C89116995B56}.Release|x86.ActiveCfg = Release|x64
		{617A2281-89B7-427A-B7EC-C89116995B56}.Release|x86.Build.0 = Release|x64
		{5C771FAB-7EF4-4723-A5BB-05FA1D625999}.Debug|Any CPU.ActiveCfg = Debug|x64
		{5C771FAB-7EF4-4723-A5BB-05FA1D625999}.Debug|Any CPU.Build.0 = Debug|x64
		{5C771FAB-7EF4-4723-A5BB-05FA1D625999}.Debug|x64.ActiveCfg = Debug|x64
		{5C771FAB-7EF4-4723-A5BB-05FA1D625999}.Debug|x64.Build.0 = Debug|x64
		{5C771FAB-7EF4-4723-A5BB-05FA1D625999}.Debug|x86.ActiveCfg = Debug|x64
		{5C771FAB-7EF4-4723-A5BB-05FA1D625999}.Debug|x86.Build.0 = Debug|x64
		{5C771FAB-7EF4-4723-A5BB-05FA1D625999}.Release|Any CPU.ActiveCfg = Release|x64
		{5C771FAB-7EF4-4723-A5BB-05FA1D625999}.Release|Any CPU.Build.0 = Release|x64
		{5C771FAB-7EF4-4723-A5BB-05FA1D625999}.Release|x64.ActiveCfg = Release|x64
		{5C771FAB-7EF4-4723-A5BB-05FA1D625999}.Release|x64.Build.0 = Release|x64
		{5C771FAB-7EF4-4723-A5BB-05FA1D625999}.Release|x86.ActiveCfg = Release|x64
		{5C771FAB-7EF4-4723-A5BB-05FA1D625999}.Release|x86.Build.0 = Release|x64
		{1AC3743A-740B-4F0D-A953-B16C80DD64F2}.Debug|Any CPU.ActiveCfg = Debug|x64
		{1AC3743A-740B-4F0D-A953-B16C80DD64F2}.Debug|Any CPU.Build.0 = Debug|x64
		{1AC3743A-740B-4F0D-A953-B16C80DD64F2}.Debug|x64.ActiveCfg = Debug|x64
		{1AC3743A-740B-4F0D-A953-B16C80DD64F2}.Debug|x64.Build.0 = Debug|x64
		{1AC3743A-740B-4F0D-A953-B16C80DD64F2}.Debug|x86.ActiveCfg = Debug|x64
		{1AC3743A-740B-4F0D-A953-B16C80DD64F2}.Debug|x86.Build.0 = Debug|x64
		{1AC3743A-740B-4F0D-A953-B16C80DD64F2}.Release|Any CPU.ActiveCfg = Release|x64
		{1AC3743A-740B-4F0D-A953-B16C80DD64F2}.Release|Any CPU.Build.0 = Release|x64
		{1AC3743A-740B-4F0D-A953-B16C80DD64F2}.Release|x64.ActiveCfg = Release|x64
		{1AC3743A-740B-4F0D-A953-B16C80DD64F2}.Release|x64.Build.0 = Release|x64
		{1AC3743A-740B-4F0D-A953-B16C80DD64F2}.Release|x86.ActiveCfg = Release|x64
		{1AC3743A-740B-4F0D-A953-B16C80DD64F2}.Release|x86.Build.0 = Release|x64
		{4F372647-F4C5-42DF-BE6F-F63854AB7A2A}.Debug|Any CPU.ActiveCfg = Debug|x64
		{4F372647-F4C5-42DF-BE6F-F63854AB7A2A}.Debug|Any CPU.Build.0 = Debug|x64
		{4F372647-F4C5-42DF-BE6F-F63854AB7A2A}.Debug|x64.ActiveCfg = Debug|x64
		{4F372647-F4C5-42DF-BE6F-F63854AB7A2A}.Debug|x64.Build.0 = Debug|x64
		{4F372647-F4C5-42DF-BE6F-F63854AB7A2A}.Debug|x86.ActiveCfg = Debug|x64
		{4F372647-F4C5-42DF-BE6F-F63854AB7A2A}.Debug|x86.Build.0 = Debug|x64
		{4F372647-F4C5-42DF-BE6F-F63854AB7A2A}.Release|Any CPU.ActiveCfg = Release|x64
		{4F372647-F4C5-42DF-BE6F-F63854AB7A2A}.Release|Any CPU.Build.0 = Release|x64
		{4F372647-F4C5-42DF-BE6F-F63854AB7A2A}.Release|x64.ActiveCfg = Release|x64
		{4F372647-F4C5-42DF-BE6F-F63854AB7A2A}.Release|x64.Build.0 = Release|x64
		{4F372647-F4C5-42DF-BE6F-F63854AB7A2A}.Release|x86.ActiveCfg = Release|x64
		{4F372647-F4C5-42DF-BE6F-F63854AB7A2A}.Release|x86.Build.0 = Release|x64
		{A53D5807-6ED6-47BB-A575-F82978DFF97F}.Debug|Any CPU.ActiveCfg = Debug|x64
		{A53D5807-6ED6-47BB-A575-F82978DFF97F}.Debug|Any CPU.Build.0 = Debug|x64
		{A53D5807-6ED6-47BB-A575-F82978DFF97F}.Debug|x64.ActiveCfg = Debug|x64
		{A53D5807-6ED6-47BB-A575-F82978DFF97F}.Debug|x64.Build.0 = Debug|x64
		{A53D5807-6ED6-47BB-A575-F82978DFF97F}.Debug|x86.ActiveCfg = Debug|x64
		{A53D5807-6ED6-47BB-A575-F82978DFF97F}.Debug|x86.Build.0 = Debug|x64
		{A53D5807-6ED6-47BB-A575-F82978DFF97F}.Release|Any CPU.ActiveCfg = Release|x64
		{A53D5807-6ED6-47BB-A575-F82978DFF97F}.Release|Any CPU.Build.0 = Release|x64
		{A53D5807-6ED6-47BB-A575-F82978DFF97F}.Release|x64.ActiveCfg = Release|x64
		{A53D5807-6ED6-47BB-A575-F82978DFF97F}.Release|x64.Build.0 = Release|x64
		{A53D5807-6ED6-47BB-A575-F82978DFF97F}.Release|x86.ActiveCfg = Release|x64
		{A53D5807-6ED6-47BB-A575-F82978DFF97F}.Release|x86.Build.0 = Release|x64
		{C530FA2B-9D50-4853-980D-5502BF493C31}.Debug|Any CPU.ActiveCfg = Debug|Any CPU
		{C530FA2B-9D50-4853-980D-5502BF493C31}.Debug|Any CPU.Build.0 = Debug|Any CPU
		{C530FA2B-9D50-4853-980D-5502BF493C31}.Debug|x64.ActiveCfg = Debug|Any CPU
		{C530FA2B-9D50-4853-980D-5502BF493C31}.Debug|x64.Build.0 = Debug|Any CPU
		{C530FA2B-9D50-4853-980D-5502BF493C31}.Debug|x86.ActiveCfg = Debug|Any CPU
		{C530FA2B-9D50-4853-980D-5502BF493C31}.Debug|x86.Build.0 = Debug|Any CPU
		{C530FA2B-9D50-4853-980D-5502BF493C31}.Release|Any CPU.ActiveCfg = Release|Any CPU
		{C530FA2B-9D50-4853-980D-5502BF493C31}.Release|Any CPU.Build.0 = Release|Any CPU
		{C530FA2B-9D50-4853-980D-5502BF493C31}.Release|x64.ActiveCfg = Release|Any CPU
		{C530FA2B-9D50-4853-980D-5502BF493C31}.Release|x64.Build.0 = Release|Any CPU
		{C530FA2B-9D50-4853-980D-5502BF493C31}.Release|x86.ActiveCfg = Release|Any CPU
		{C530FA2B-9D50-4853-980D-5502BF493C31}.Release|x86.Build.0 = Release|Any CPU
		{30F29FE6-1CC9-4A20-A389-0439E6F3DE7F}.Debug|Any CPU.ActiveCfg = Debug|Any CPU
		{30F29FE6-1CC9-4A20-A389-0439E6F3DE7F}.Debug|Any CPU.Build.0 = Debug|Any CPU
		{30F29FE6-1CC9-4A20-A389-0439E6F3DE7F}.Debug|x64.ActiveCfg = Debug|Any CPU
		{30F29FE6-1CC9-4A20-A389-0439E6F3DE7F}.Debug|x64.Build.0 = Debug|Any CPU
		{30F29FE6-1CC9-4A20-A389-0439E6F3DE7F}.Debug|x86.ActiveCfg = Debug|Any CPU
		{30F29FE6-1CC9-4A20-A389-0439E6F3DE7F}.Debug|x86.Build.0 = Debug|Any CPU
		{30F29FE6-1CC9-4A20-A389-0439E6F3DE7F}.Release|Any CPU.ActiveCfg = Release|Any CPU
		{30F29FE6-1CC9-4A20-A389-0439E6F3DE7F}.Release|Any CPU.Build.0 = Release|Any CPU
		{30F29FE6-1CC9-4A20-A389-0439E6F3DE7F}.Release|x64.ActiveCfg = Release|Any CPU
		{30F29FE6-1CC9-4A20-A389-0439E6F3DE7F}.Release|x64.Build.0 = Release|Any CPU
		{30F29FE6-1CC9-4A20-A389-0439E6F3DE7F}.Release|x86.ActiveCfg = Release|Any CPU
		{30F29FE6-1CC9-4A20-A389-0439E6F3DE7F}.Release|x86.Build.0 = Release|Any CPU
	EndGlobalSection
	GlobalSection(SolutionProperties) = preSolution
		HideSolutionNode = FALSE
	EndGlobalSection
	GlobalSection(NestedProjects) = preSolution
		{617A2281-89B7-427A-B7EC-C89116995B56} = {827E0CD3-B72D-47B6-A68D-7590B98EB39B}
		{5C771FAB-7EF4-4723-A5BB-05FA1D625999} = {827E0CD3-B72D-47B6-A68D-7590B98EB39B}
		{1AC3743A-740B-4F0D-A953-B16C80DD64F2} = {827E0CD3-B72D-47B6-A68D-7590B98EB39B}
		{4F372647-F4C5-42DF-BE6F-F63854AB7A2A} = {827E0CD3-B72D-47B6-A68D-7590B98EB39B}
		{A53D5807-6ED6-47BB-A575-F82978DFF97F} = {0AB3BF05-4346-4AA6-1389-037BE0695223}
		{6BDF01F6-FB49-BDA7-B310-88FBA6F3310A} = {A288BEE0-695A-BEEA-455C-649571D89326}
		{C530FA2B-9D50-4853-980D-5502BF493C31} = {6BDF01F6-FB49-BDA7-B310-88FBA6F3310A}
		{30F29FE6-1CC9-4A20-A389-0439E6F3DE7F} = {6BDF01F6-FB49-BDA7-B310-88FBA6F3310A}
	EndGlobalSection
	GlobalSection(ExtensibilityGlobals) = postSolution
		SolutionGuid = {D25A06F3-8B62-4051-9C15-4A50314F1440}
	EndGlobalSection
EndGlobal
